// !$*UTF8*$!
{
	archiveVersion = 1;
	classes = {
	};
	objectVersion = 55;
	objects = {

/* Begin PBXBuildFile section */
		48348D1028CC3646006E5E9E /* TimerViewController.swift in Sources */ = {isa = PBXBuildFile; fileRef = 48348D0F28CC3646006E5E9E /* TimerViewController.swift */; };
		48348D1428CC384E006E5E9E /* MeuTimer.swift in Sources */ = {isa = PBXBuildFile; fileRef = 48348D1328CC384E006E5E9E /* MeuTimer.swift */; };
		5770DADD28CC0F2500C72BD1 /* AppDelegate.swift in Sources */ = {isa = PBXBuildFile; fileRef = 5770DADC28CC0F2500C72BD1 /* AppDelegate.swift */; };
		5770DADF28CC0F2500C72BD1 /* SceneDelegate.swift in Sources */ = {isa = PBXBuildFile; fileRef = 5770DADE28CC0F2500C72BD1 /* SceneDelegate.swift */; };
		5770DAE128CC0F2500C72BD1 /* ViewController.swift in Sources */ = {isa = PBXBuildFile; fileRef = 5770DAE028CC0F2500C72BD1 /* ViewController.swift */; };
		5770DAE428CC0F2500C72BD1 /* Main.storyboard in Resources */ = {isa = PBXBuildFile; fileRef = 5770DAE228CC0F2500C72BD1 /* Main.storyboard */; };
		5770DAE628CC0F2600C72BD1 /* Assets.xcassets in Resources */ = {isa = PBXBuildFile; fileRef = 5770DAE528CC0F2600C72BD1 /* Assets.xcassets */; };
		5770DAE928CC0F2600C72BD1 /* LaunchScreen.storyboard in Resources */ = {isa = PBXBuildFile; fileRef = 5770DAE728CC0F2600C72BD1 /* LaunchScreen.storyboard */; };
/* End PBXBuildFile section */

/* Begin PBXFileReference section */
		48348D0F28CC3646006E5E9E /* TimerViewController.swift */ = {isa = PBXFileReference; lastKnownFileType = sourcecode.swift; path = TimerViewController.swift; sourceTree = "<group>"; };
		48348D1328CC384E006E5E9E /* MeuTimer.swift */ = {isa = PBXFileReference; lastKnownFileType = sourcecode.swift; path = MeuTimer.swift; sourceTree = "<group>"; };
		5770DAD928CC0F2500C72BD1 /* CozinhandoOvo.app */ = {isa = PBXFileReference; explicitFileType = wrapper.application; includeInIndex = 0; path = CozinhandoOvo.app; sourceTree = BUILT_PRODUCTS_DIR; };
		5770DADC28CC0F2500C72BD1 /* AppDelegate.swift */ = {isa = PBXFileReference; lastKnownFileType = sourcecode.swift; path = AppDelegate.swift; sourceTree = "<group>"; };
		5770DADE28CC0F2500C72BD1 /* SceneDelegate.swift */ = {isa = PBXFileReference; lastKnownFileType = sourcecode.swift; path = SceneDelegate.swift; sourceTree = "<group>"; };
		5770DAE028CC0F2500C72BD1 /* ViewController.swift */ = {isa = PBXFileReference; lastKnownFileType = sourcecode.swift; path = ViewController.swift; sourceTree = "<group>"; };
		5770DAE328CC0F2500C72BD1 /* Base */ = {isa = PBXFileReference; lastKnownFileType = file.storyboard; name = Base; path = Base.lproj/Main.storyboard; sourceTree = "<group>"; };
		5770DAE528CC0F2600C72BD1 /* Assets.xcassets */ = {isa = PBXFileReference; lastKnownFileType = folder.assetcatalog; path = Assets.xcassets; sourceTree = "<group>"; };
		5770DAE828CC0F2600C72BD1 /* Base */ = {isa = PBXFileReference; lastKnownFileType = file.storyboard; name = Base; path = Base.lproj/LaunchScreen.storyboard; sourceTree = "<group>"; };
		5770DAEA28CC0F2600C72BD1 /* Info.plist */ = {isa = PBXFileReference; lastKnownFileType = text.plist.xml; path = Info.plist; sourceTree = "<group>"; };
/* End PBXFileReference section */

/* Begin PBXFrameworksBuildPhase section */
		5770DAD628CC0F2500C72BD1 /* Frameworks */ = {
			isa = PBXFrameworksBuildPhase;
			buildActionMask = 2147483647;
			files = (
			);
			runOnlyForDeploymentPostprocessing = 0;
		};
/* End PBXFrameworksBuildPhase section */

/* Begin PBXGroup section */
		5770DAD028CC0F2500C72BD1 = {
			isa = PBXGroup;
			children = (
				5770DADB28CC0F2500C72BD1 /* CozinhandoOvo */,
				5770DADA28CC0F2500C72BD1 /* Products */,
			);
			sourceTree = "<group>";
		};
		5770DADA28CC0F2500C72BD1 /* Products */ = {
			isa = PBXGroup;
			children = (
				5770DAD928CC0F2500C72BD1 /* CozinhandoOvo.app */,
			);
			name = Products;
			sourceTree = "<group>";
		};
		5770DADB28CC0F2500C72BD1 /* CozinhandoOvo */ = {
			isa = PBXGroup;
			children = (
				5770DADC28CC0F2500C72BD1 /* AppDelegate.swift */,
				5770DADE28CC0F2500C72BD1 /* SceneDelegate.swift */,
				5770DAE028CC0F2500C72BD1 /* ViewController.swift */,
				48348D0F28CC3646006E5E9E /* TimerViewController.swift */,
				48348D1328CC384E006E5E9E /* MeuTimer.swift */,
				5770DAE228CC0F2500C72BD1 /* Main.storyboard */,
				5770DAE528CC0F2600C72BD1 /* Assets.xcassets */,
				5770DAE728CC0F2600C72BD1 /* LaunchScreen.storyboard */,
				5770DAEA28CC0F2600C72BD1 /* Info.plist */,
			);
			path = CozinhandoOvo;
			sourceTree = "<group>";
		};
/* End PBXGroup section */

/* Begin PBXNativeTarget section */
		5770DAD828CC0F2500C72BD1 /* CozinhandoOvo */ = {
			isa = PBXNativeTarget;
			buildConfigurationList = 5770DAED28CC0F2600C72BD1 /* Build configuration list for PBXNativeTarget "CozinhandoOvo" */;
			buildPhases = (
				5770DAD528CC0F2500C72BD1 /* Sources */,
				5770DAD628CC0F2500C72BD1 /* Frameworks */,
				5770DAD728CC0F2500C72BD1 /* Resources */,
			);
			buildRules = (
			);
			dependencies = (
			);
			name = CozinhandoOvo;
			productName = CozinhandoOvo;
			productReference = 5770DAD928CC0F2500C72BD1 /* CozinhandoOvo.app */;
			productType = "com.apple.product-type.application";
		};
/* End PBXNativeTarget section */

/* Begin PBXProject section */
		5770DAD128CC0F2500C72BD1 /* Project object */ = {
			isa = PBXProject;
			attributes = {
				BuildIndependentTargetsInParallel = 1;
				LastSwiftUpdateCheck = 1340;
				LastUpgradeCheck = 1340;
				TargetAttributes = {
					5770DAD828CC0F2500C72BD1 = {
						CreatedOnToolsVersion = 13.4.1;
					};
				};
			};
			buildConfigurationList = 5770DAD428CC0F2500C72BD1 /* Build configuration list for PBXProject "CozinhandoOvo" */;
			compatibilityVersion = "Xcode 13.0";
			developmentRegion = en;
			hasScannedForEncodings = 0;
			knownRegions = (
				en,
				Base,
			);
			mainGroup = 5770DAD028CC0F2500C72BD1;
			productRefGroup = 5770DADA28CC0F2500C72BD1 /* Products */;
			projectDirPath = "";
			projectRoot = "";
			targets = (
				5770DAD828CC0F2500C72BD1 /* CozinhandoOvo */,
			);
		};
/* End PBXProject section */

/* Begin PBXResourcesBuildPhase section */
		5770DAD728CC0F2500C72BD1 /* Resources */ = {
			isa = PBXResourcesBuildPhase;
			buildActionMask = 2147483647;
			files = (
				5770DAE928CC0F2600C72BD1 /* LaunchScreen.storyboard in Resources */,
				5770DAE628CC0F2600C72BD1 /* Assets.xcassets in Resources */,
				5770DAE428CC0F2500C72BD1 /* Main.storyboard in Resources */,
			);
			runOnlyForDeploymentPostprocessing = 0;
		};
/* End PBXResourcesBuildPhase section */

/* Begin PBXSourcesBuildPhase section */
		5770DAD528CC0F2500C72BD1 /* Sources */ = {
			isa = PBXSourcesBuildPhase;
			buildActionMask = 2147483647;
			files = (
				48348D1028CC3646006E5E9E /* TimerViewController.swift in Sources */,
				5770DAE128CC0F2500C72BD1 /* ViewController.swift in Sources */,
				5770DADD28CC0F2500C72BD1 /* AppDelegate.swift in Sources */,
				48348D1428CC384E006E5E9E /* MeuTimer.swift in Sources */,
				5770DADF28CC0F2500C72BD1 /* SceneDelegate.swift in Sources */,
			);
			runOnlyForDeploymentPostprocessing = 0;
		};
/* End PBXSourcesBuildPhase section */

/* Begin PBXVariantGroup section */
		5770DAE228CC0F2500C72BD1 /* Main.storyboard */ = {
			isa = PBXVariantGroup;
			children = (
				5770DAE328CC0F2500C72BD1 /* Base */,
			);
			name = Main.storyboard;
			sourceTree = "<group>";
		};
		5770DAE728CC0F2600C72BD1 /* LaunchScreen.storyboard */ = {
			isa = PBXVariantGroup;
			children = (
				5770DAE828CC0F2600C72BD1 /* Base */,
			);
			name = LaunchScreen.storyboard;
			sourceTree = "<group>";
		};
/* End PBXVariantGroup section */

/* Begin XCBuildConfiguration section */
		5770DAEB28CC0F2600C72BD1 /* Debug */ = {
			isa = XCBuildConfiguration;
			buildSettings = {
				ALWAYS_SEARCH_USER_PATHS = NO;
				CLANG_ANALYZER_NONNULL = YES;
				CLANG_ANALYZER_NUMBER_OBJECT_CONVERSION = YES_AGGRESSIVE;
				CLANG_CXX_LANGUAGE_STANDARD = "gnu++17";
				CLANG_ENABLE_MODULES = YES;
				CLANG_ENABLE_OBJC_ARC = YES;
				CLANG_ENABLE_OBJC_WEAK = YES;
				CLANG_WARN_BLOCK_CAPTURE_AUTORELEASING = YES;
				CLANG_WARN_BOOL_CONVERSION = YES;
				CLANG_WARN_COMMA = YES;
				CLANG_WARN_CONSTANT_CONVERSION = YES;
				CLANG_WARN_DEPRECATED_OBJC_IMPLEMENTATIONS = YES;
				CLANG_WARN_DIRECT_OBJC_ISA_USAGE = YES_ERROR;
				CLANG_WARN_DOCUMENTATION_COMMENTS = YES;
				CLANG_WARN_EMPTY_BODY = YES;
				CLANG_WARN_ENUM_CONVERSION = YES;
				CLANG_WARN_INFINITE_RECURSION = YES;
				CLANG_WARN_INT_CONVERSION = YES;
				CLANG_WARN_NON_LITERAL_NULL_CONVERSION = YES;
				CLANG_WARN_OBJC_IMPLICIT_RETAIN_SELF = YES;
				CLANG_WARN_OBJC_LITERAL_CONVERSION = YES;
				CLANG_WARN_OBJC_ROOT_CLASS = YES_ERROR;
				CLANG_WARN_QUOTED_INCLUDE_IN_FRAMEWORK_HEADER = YES;
				CLANG_WARN_RANGE_LOOP_ANALYSIS = YES;
				CLANG_WARN_STRICT_PROTOTYPES = YES;
				CLANG_WARN_SUSPICIOUS_MOVE = YES;
				CLANG_WARN_UNGUARDED_AVAILABILITY = YES_AGGRESSIVE;
				CLANG_WARN_UNREACHABLE_CODE = YES;
				CLANG_WARN__DUPLICATE_METHOD_MATCH = YES;
				COPY_PHASE_STRIP = NO;
				DEBUG_INFORMATION_FORMAT = dwarf;
				ENABLE_STRICT_OBJC_MSGSEND = YES;
				ENABLE_TESTABILITY = YES;
				GCC_C_LANGUAGE_STANDARD = gnu11;
				GCC_DYNAMIC_NO_PIC = NO;
				GCC_NO_COMMON_BLOCKS = YES;
				GCC_OPTIMIZATION_LEVEL = 0;
				GCC_PREPROCESSOR_DEFINITIONS = (
					"DEBUG=1",
					"$(inherited)",
				);
				GCC_WARN_64_TO_32_BIT_CONVERSION = YES;
				GCC_WARN_ABOUT_RETURN_TYPE = YES_ERROR;
				GCC_WARN_UNDECLARED_SELECTOR = YES;
				GCC_WARN_UNINITIALIZED_AUTOS = YES_AGGRESSIVE;
				GCC_WARN_UNUSED_FUNCTION = YES;
				GCC_WARN_UNUSED_VARIABLE = YES;
				IPHONEOS_DEPLOYMENT_TARGET = 15.5;
				MTL_ENABLE_DEBUG_INFO = INCLUDE_SOURCE;
				MTL_FAST_MATH = YES;
				ONLY_ACTIVE_ARCH = YES;
				SDKROOT = iphoneos;
				SWIFT_ACTIVE_COMPILATION_CONDITIONS = DEBUG;
				SWIFT_OPTIMIZATION_LEVEL = "-Onone";
			};
			name = Debug;
		};
		5770DAEC28CC0F2600C72BD1 /* Release */ = {
			isa = XCBuildConfiguration;
			buildSettings = {
				ALWAYS_SEARCH_USER_PATHS = NO;
				CLANG_ANALYZER_NONNULL = YES;
				CLANG_ANALYZER_NUMBER_OBJECT_CONVERSION = YES_AGGRESSIVE;
				CLANG_CXX_LANGUAGE_STANDARD = "gnu++17";
				CLANG_ENABLE_MODULES = YES;
				CLANG_ENABLE_OBJC_ARC = YES;
				CLANG_ENABLE_OBJC_WEAK = YES;
				CLANG_WARN_BLOCK_CAPTURE_AUTORELEASING = YES;
				CLANG_WARN_BOOL_CONVERSION = YES;
				CLANG_WARN_COMMA = YES;
				CLANG_WARN_CONSTANT_CONVERSION = YES;
				CLANG_WARN_DEPRECATED_OBJC_IMPLEMENTATIONS = YES;
				CLANG_WARN_DIRECT_OBJC_ISA_USAGE = YES_ERROR;
				CLANG_WARN_DOCUMENTATION_COMMENTS = YES;
				CLANG_WARN_EMPTY_BODY = YES;
				CLANG_WARN_ENUM_CONVERSION = YES;
				CLANG_WARN_INFINITE_RECURSION = YES;
				CLANG_WARN_INT_CONVERSION = YES;
				CLANG_WARN_NON_LITERAL_NULL_CONVERSION = YES;
				CLANG_WARN_OBJC_IMPLICIT_RETAIN_SELF = YES;
				CLANG_WARN_OBJC_LITERAL_CONVERSION = YES;
				CLANG_WARN_OBJC_ROOT_CLASS = YES_ERROR;
				CLANG_WARN_QUOTED_INCLUDE_IN_FRAMEWORK_HEADER = YES;
				CLANG_WARN_RANGE_LOOP_ANALYSIS = YES;
				CLANG_WARN_STRICT_PROTOTYPES = YES;
				CLANG_WARN_SUSPICIOUS_MOVE = YES;
				CLANG_WARN_UNGUARDED_AVAILABILITY = YES_AGGRESSIVE;
				CLANG_WARN_UNREACHABLE_CODE = YES;
				CLANG_WARN__DUPLICATE_METHOD_MATCH = YES;
				COPY_PHASE_STRIP = NO;
				DEBUG_INFORMATION_FORMAT = "dwarf-with-dsym";
				ENABLE_NS_ASSERTIONS = NO;
				ENABLE_STRICT_OBJC_MSGSEND = YES;
				GCC_C_LANGUAGE_STANDARD = gnu11;
				GCC_NO_COMMON_BLOCKS = YES;
				GCC_WARN_64_TO_32_BIT_CONVERSION = YES;
				GCC_WARN_ABOUT_RETURN_TYPE = YES_ERROR;
				GCC_WARN_UNDECLARED_SELECTOR = YES;
				GCC_WARN_UNINITIALIZED_AUTOS = YES_AGGRESSIVE;
				GCC_WARN_UNUSED_FUNCTION = YES;
				GCC_WARN_UNUSED_VARIABLE = YES;
				IPHONEOS_DEPLOYMENT_TARGET = 15.5;
				MTL_ENABLE_DEBUG_INFO = NO;
				MTL_FAST_MATH = YES;
				SDKROOT = iphoneos;
				SWIFT_COMPILATION_MODE = wholemodule;
				SWIFT_OPTIMIZATION_LEVEL = "-O";
				VALIDATE_PRODUCT = YES;
			};
			name = Release;
		};
		5770DAEE28CC0F2600C72BD1 /* Debug */ = {
			isa = XCBuildConfiguration;
			buildSettings = {
				ASSETCATALOG_COMPILER_APPICON_NAME = AppIcon;
				ASSETCATALOG_COMPILER_GLOBAL_ACCENT_COLOR_NAME = AccentColor;
				CODE_SIGN_STYLE = Automatic;
				CURRENT_PROJECT_VERSION = 1;
				GENERATE_INFOPLIST_FILE = YES;
				INFOPLIST_FILE = CozinhandoOvo/Info.plist;
				INFOPLIST_KEY_UIApplicationSupportsIndirectInputEvents = YES;
				INFOPLIST_KEY_UILaunchStoryboardName = LaunchScreen;
				INFOPLIST_KEY_UIMainStoryboardFile = Main;
				INFOPLIST_KEY_UISupportedInterfaceOrientations_iPad = "UIInterfaceOrientationPortrait UIInterfaceOrientationPortraitUpsideDown UIInterfaceOrientationLandscapeLeft UIInterfaceOrientationLandscapeRight";
				INFOPLIST_KEY_UISupportedInterfaceOrientations_iPhone = "UIInterfaceOrientationPortrait UIInterfaceOrientationLandscapeLeft UIInterfaceOrientationLandscapeRight";
				LD_RUNPATH_SEARCH_PATHS = (
					"$(inherited)",
					"@executable_path/Frameworks",
				);
				MARKETING_VERSION = 1.0;
				PRODUCT_BUNDLE_IDENTIFIER = br.pucpr.CozinhandoOvo;
				PRODUCT_NAME = "$(TARGET_NAME)";
				SWIFT_EMIT_LOC_STRINGS = YES;
				SWIFT_VERSION = 5.0;
				TARGETED_DEVICE_FAMILY = "1,2";
			};
			name = Debug;
		};
		5770DAEF28CC0F2600C72BD1 /* Release */ = {
			isa = XCBuildConfiguration;
			buildSettings = {
				ASSETCATALOG_COMPILER_APPICON_NAME = AppIcon;
				ASSETCATALOG_COMPILER_GLOBAL_ACCENT_COLOR_NAME = AccentColor;
				CODE_SIGN_STYLE = Automatic;
				CURRENT_PROJECT_VERSION = 1;
				GENERATE_INFOPLIST_FILE = YES;
				INFOPLIST_FILE = CozinhandoOvo/Info.plist;
				INFOPLIST_KEY_UIApplicationSupportsIndirectInputEvents = YES;
				INFOPLIST_KEY_UILaunchStoryboardName = LaunchScreen;
				INFOPLIST_KEY_UIMainStoryboardFile = Main;
				INFOPLIST_KEY_UISupportedInterfaceOrientations_iPad = "UIInterfaceOrientationPortrait UIInterfaceOrientationPortraitUpsideDown UIInterfaceOrientationLandscapeLeft UIInterfaceOrientationLandscapeRight";
				INFOPLIST_KEY_UISupportedInterfaceOrientations_iPhone = "UIInterfaceOrientationPortrait UIInterfaceOrientationLandscapeLeft UIInterfaceOrientationLandscapeRight";
				LD_RUNPATH_SEARCH_PATHS = (
					"$(inherited)",
					"@executable_path/Frameworks",
				);
				MARKETING_VERSION = 1.0;
				PRODUCT_BUNDLE_IDENTIFIER = br.pucpr.CozinhandoOvo;
				PRODUCT_NAME = "$(TARGET_NAME)";
				SWIFT_EMIT_LOC_STRINGS = YES;
				SWIFT_VERSION = 5.0;
				TARGETED_DEVICE_FAMILY = "1,2";
			};
			name = Release;
		};
/* End XCBuildConfiguration section */

/* Begin XCConfigurationList section */
		5770DAD428CC0F2500C72BD1 /* Build configuration list for PBXProject "CozinhandoOvo" */ = {
			isa = XCConfigurationList;
			buildConfigurations = (
				5770DAEB28CC0F2600C72BD1 /* Debug */,
				5770DAEC28CC0F2600C72BD1 /* Release */,
			);
			defaultConfigurationIsVisible = 0;
			defaultConfigurationName = Release;
		};
		5770DAED28CC0F2600C72BD1 /* Build configuration list for PBXNativeTarget "CozinhandoOvo" */ = {
			isa = XCConfigurationList;
			buildConfigurations = (
				5770DAEE28CC0F2600C72BD1 /* Debug */,
				5770DAEF28CC0F2600C72BD1 /* Release */,
			);
			defaultConfigurationIsVisible = 0;
			defaultConfigurationName = Release;
		};
/* End XCConfigurationList section */
	};
	rootObject = 5770DAD128CC0F2500C72BD1 /* Project object */;
}
